
Microsoft Visual Studio Solution File, Format Version 12.00
# Visual Studio Version 17
VisualStudioVersion = 17.5.002.0
MinimumVisualStudioVersion = 10.0.40219.1
Project("{9A19103F-16F7-4668-BE54-9A1E7A4F7556}") = "api-process-missing-persons-pdf", "api-process-missing-persons-pdf\api-process-missing-persons-pdf.csproj", "{C0F8A66F-AD40-4CD4-9421-5F4F82F77D64}"
EndProject
Project("{9A19103F-16F7-4668-BE54-9A1E7A4F7556}") = "api-missing-persons", "api-missing-persons\api-missing-persons.csproj", "{F62CE4F7-167C-4BE1-B6AD-F097787498BB}"
EndProject
Project("{9A19103F-16F7-4668-BE54-9A1E7A4F7556}") = "Nl2Sql.Library", "nl2sql.library\Nl2Sql.Library.csproj", "{5CC9CAF9-0283-44E5-80AC-62B81F2EB548}"
EndProject
Project("{FAE04EC0-301F-11D3-BF4B-00C04F79EFBC}") = "api-process-missing-persons-files", "api-process-missing-persons-files\api-process-missing-persons-files.csproj", "{C83B38AF-40DA-45F5-8D33-C4D76CD1E809}"
EndProject
Global
	GlobalSection(SolutionConfigurationPlatforms) = preSolution
		Debug|Any CPU = Debug|Any CPU
		Release|Any CPU = Release|Any CPU
	EndGlobalSection
	GlobalSection(ProjectConfigurationPlatforms) = postSolution
		{C0F8A66F-AD40-4CD4-9421-5F4F82F77D64}.Debug|Any CPU.ActiveCfg = Debug|Any CPU
		{C0F8A66F-AD40-4CD4-9421-5F4F82F77D64}.Debug|Any CPU.Build.0 = Debug|Any CPU
		{C0F8A66F-AD40-4CD4-9421-5F4F82F77D64}.Release|Any CPU.ActiveCfg = Release|Any CPU
		{C0F8A66F-AD40-4CD4-9421-5F4F82F77D64}.Release|Any CPU.Build.0 = Release|Any CPU
		{F62CE4F7-167C-4BE1-B6AD-F097787498BB}.Debug|Any CPU.ActiveCfg = Debug|Any CPU
		{F62CE4F7-167C-4BE1-B6AD-F097787498BB}.Debug|Any CPU.Build.0 = Debug|Any CPU
		{F62CE4F7-167C-4BE1-B6AD-F097787498BB}.Release|Any CPU.ActiveCfg = Release|Any CPU
		{F62CE4F7-167C-4BE1-B6AD-F097787498BB}.Release|Any CPU.Build.0 = Release|Any CPU
		{5CC9CAF9-0283-44E5-80AC-62B81F2EB548}.Debug|Any CPU.ActiveCfg = Debug|Any CPU
		{5CC9CAF9-0283-44E5-80AC-62B81F2EB548}.Debug|Any CPU.Build.0 = Debug|Any CPU
		{5CC9CAF9-0283-44E5-80AC-62B81F2EB548}.Release|Any CPU.ActiveCfg = Release|Any CPU
		{5CC9CAF9-0283-44E5-80AC-62B81F2EB548}.Release|Any CPU.Build.0 = Release|Any CPU
		{C83B38AF-40DA-45F5-8D33-C4D76CD1E809}.Debug|Any CPU.ActiveCfg = Debug|Any CPU
		{C83B38AF-40DA-45F5-8D33-C4D76CD1E809}.Debug|Any CPU.Build.0 = Debug|Any CPU
		{C83B38AF-40DA-45F5-8D33-C4D76CD1E809}.Release|Any CPU.ActiveCfg = Release|Any CPU
		{C83B38AF-40DA-45F5-8D33-C4D76CD1E809}.Release|Any CPU.Build.0 = Release|Any CPU
	EndGlobalSection
	GlobalSection(SolutionProperties) = preSolution
		HideSolutionNode = FALSE
	EndGlobalSection
	GlobalSection(ExtensibilityGlobals) = postSolution
		SolutionGuid = {FCF3FC7D-6A8C-4E30-AD8C-2F520D7B8E41}
	EndGlobalSection
EndGlobal
